
Microsoft Visual Studio Solution File, Format Version 12.00
# Visual Studio Version 17
VisualStudioVersion = 17.13.35913.81 d17.13
MinimumVisualStudioVersion = 10.0.40219.1
Project("{FAE04EC0-301F-11D3-BF4B-00C04F79EFBC}") = "Lecture077", "Lecture077\Lecture077.csproj", "{FBAD925A-5901-48F3-B8C4-724F8555EDAD}"
EndProject
Global
	GlobalSection(SolutionConfigurationPlatforms) = preSolution
		Debug|Any CPU = Debug|Any CPU
		Release|Any CPU = Release|Any CPU
	EndGlobalSection
	GlobalSection(ProjectConfigurationPlatforms) = postSolution
		{FBAD925A-5901-48F3-B8C4-724F8555EDAD}.Debug|Any CPU.ActiveCfg = Debug|Any CPU
		{FBAD925A-5901-48F3-B8C4-724F8555EDAD}.Debug|Any CPU.Build.0 = Debug|Any CPU
		{FBAD925A-5901-48F3-B8C4-724F8555EDAD}.Release|Any CPU.ActiveCfg = Release|Any CPU
		{FBAD925A-5901-48F3-B8C4-724F8555EDAD}.Release|Any CPU.Build.0 = Release|Any CPU
	EndGlobalSection
	GlobalSection(SolutionProperties) = preSolution
		HideSolutionNode = FALSE
	EndGlobalSection
	GlobalSection(ExtensibilityGlobals) = postSolution
		SolutionGuid = {F62A3BC1-ED46-4A11-8BAD-11CC5666AF5E}
	EndGlobalSection
EndGlobal
